
Microsoft Visual Studio Solution File, Format Version 12.00
# Visual Studio Version 17
VisualStudioVersion = 17.1.32421.90
MinimumVisualStudioVersion = 10.0.40219.1
Project("{FAE04EC0-301F-11D3-BF4B-00C04F79EFBC}") = "SOPAGAV_Dashboard", "SOPAGAV_Dashboard.csproj", "{9676BABC-ED2C-4049-B68A-260EAC92D661}"
EndProject
Global
	GlobalSection(SolutionConfigurationPlatforms) = preSolution
		Debug|Any CPU = Debug|Any CPU
		Release|Any CPU = Release|Any CPU
	EndGlobalSection
	GlobalSection(ProjectConfigurationPlatforms) = postSolution
		{9676BABC-ED2C-4049-B68A-260EAC92D661}.Debug|Any CPU.ActiveCfg = Debug|Any CPU
		{9676BABC-ED2C-4049-B68A-260EAC92D661}.Debug|Any CPU.Build.0 = Debug|Any CPU
		{9676BABC-ED2C-4049-B68A-260EAC92D661}.Release|Any CPU.ActiveCfg = Release|Any CPU
		{9676BABC-ED2C-4049-B68A-260EAC92D661}.Release|Any CPU.Build.0 = Release|Any CPU
	EndGlobalSection
	GlobalSection(SolutionProperties) = preSolution
		HideSolutionNode = FALSE
	EndGlobalSection
	GlobalSection(ExtensibilityGlobals) = postSolution
		SolutionGuid = {CE9F5AD1-897F-42C6-BD0F-333230611C92}
	EndGlobalSection
EndGlobal
